
Microsoft Visual Studio Solution File, Format Version 12.00
# Visual Studio Version 17
VisualStudioVersion = 17.1.32414.318
MinimumVisualStudioVersion = 10.0.40219.1
Project("{FAE04EC0-301F-11D3-BF4B-00C04F79EFBC}") = "OnlineCinemaTicketBookingSystem", "OnlineCinemaTicketBookingSystem.csproj", "{0EA920CD-77B4-493D-884F-3F771A570AA5}"
EndProject
Global
	GlobalSection(SolutionConfigurationPlatforms) = preSolution
		Debug|Any CPU = Debug|Any CPU
		Release|Any CPU = Release|Any CPU
	EndGlobalSection
	GlobalSection(ProjectConfigurationPlatforms) = postSolution
		{0EA920CD-77B4-493D-884F-3F771A570AA5}.Debug|Any CPU.ActiveCfg = Debug|Any CPU
		{0EA920CD-77B4-493D-884F-3F771A570AA5}.Debug|Any CPU.Build.0 = Debug|Any CPU
		{0EA920CD-77B4-493D-884F-3F771A570AA5}.Release|Any CPU.ActiveCfg = Release|Any CPU
		{0EA920CD-77B4-493D-884F-3F771A570AA5}.Release|Any CPU.Build.0 = Release|Any CPU
	EndGlobalSection
	GlobalSection(SolutionProperties) = preSolution
		HideSolutionNode = FALSE
	EndGlobalSection
	GlobalSection(ExtensibilityGlobals) = postSolution
		SolutionGuid = {BB1D5347-29EE-4AD8-B51D-CBF67BBFCB0B}
	EndGlobalSection
EndGlobal
