
Microsoft Visual Studio Solution File, Format Version 12.00
# Visual Studio Version 17
VisualStudioVersion = 17.1.32414.318
MinimumVisualStudioVersion = 10.0.40219.1
Project("{FAE04EC0-301F-11D3-BF4B-00C04F79EFBC}") = "FoodCourtMgmtSystem", "FoodCourtMgmtSystem.csproj", "{99234D3D-6260-405B-81AA-AD2131971049}"
EndProject
Global
	GlobalSection(SolutionConfigurationPlatforms) = preSolution
		Debug|Any CPU = Debug|Any CPU
		Release|Any CPU = Release|Any CPU
	EndGlobalSection
	GlobalSection(ProjectConfigurationPlatforms) = postSolution
		{99234D3D-6260-405B-81AA-AD2131971049}.Debug|Any CPU.ActiveCfg = Debug|Any CPU
		{99234D3D-6260-405B-81AA-AD2131971049}.Debug|Any CPU.Build.0 = Debug|Any CPU
		{99234D3D-6260-405B-81AA-AD2131971049}.Release|Any CPU.ActiveCfg = Release|Any CPU
		{99234D3D-6260-405B-81AA-AD2131971049}.Release|Any CPU.Build.0 = Release|Any CPU
	EndGlobalSection
	GlobalSection(SolutionProperties) = preSolution
		HideSolutionNode = FALSE
	EndGlobalSection
	GlobalSection(ExtensibilityGlobals) = postSolution
		SolutionGuid = {1F408216-3AC7-474F-9543-BD95BB03131F}
	EndGlobalSection
EndGlobal
